// !$*UTF8*$!
{
	archiveVersion = 1;
	classes = {
	};
	objectVersion = 46;
	objects = {

/* Begin PBXBuildFile section */
		19E501DCED0F887B1CC37F59 /* Pods_AncilePhoneSpecStudy.framework in Frameworks */ = {isa = PBXBuildFile; fileRef = 2ACA5D576D528FBA9FC2010F /* Pods_AncilePhoneSpecStudy.framework */; };
		3FEE24515FAD0341AF960F44 /* Pods_AncilePhoneSpecStudyTests.framework in Frameworks */ = {isa = PBXBuildFile; fileRef = FFB10B2C22501A23E4A3A29C /* Pods_AncilePhoneSpecStudyTests.framework */; };
		A5B06680B13076C224C10007 /* Pods_AncilePhoneSpecStudyUITests.framework in Frameworks */ = {isa = PBXBuildFile; fileRef = 7D7CDE23C7A4BDD412C0C05A /* Pods_AncilePhoneSpecStudyUITests.framework */; };
		E21D116A1F1409F200351E7A /* ANCOnboardingViewController.swift in Sources */ = {isa = PBXBuildFile; fileRef = E21D11691F1409F200351E7A /* ANCOnboardingViewController.swift */; };
		E21D116C1F140ED400351E7A /* ANCStore.swift in Sources */ = {isa = PBXBuildFile; fileRef = E21D116B1F140ED400351E7A /* ANCStore.swift */; };
		E21EA7991F2944CF00997DB6 /* consentDocument.json in Resources */ = {isa = PBXBuildFile; fileRef = E21EA7981F2944CF00997DB6 /* consentDocument.json */; };
		E21FE5871EFC092C006F6B60 /* AppDelegate.swift in Sources */ = {isa = PBXBuildFile; fileRef = E21FE5861EFC092C006F6B60 /* AppDelegate.swift */; };
		E21FE58C1EFC092C006F6B60 /* Main.storyboard in Resources */ = {isa = PBXBuildFile; fileRef = E21FE58A1EFC092C006F6B60 /* Main.storyboard */; };
		E21FE58E1EFC092C006F6B60 /* Assets.xcassets in Resources */ = {isa = PBXBuildFile; fileRef = E21FE58D1EFC092C006F6B60 /* Assets.xcassets */; };
		E21FE5911EFC092C006F6B60 /* LaunchScreen.storyboard in Resources */ = {isa = PBXBuildFile; fileRef = E21FE58F1EFC092C006F6B60 /* LaunchScreen.storyboard */; };
		E21FE59C1EFC092C006F6B60 /* AncilePhoneSpecStudyTests.swift in Sources */ = {isa = PBXBuildFile; fileRef = E21FE59B1EFC092C006F6B60 /* AncilePhoneSpecStudyTests.swift */; };
		E21FE5A71EFC092C006F6B60 /* AncilePhoneSpecStudyUITests.swift in Sources */ = {isa = PBXBuildFile; fileRef = E21FE5A61EFC092C006F6B60 /* AncilePhoneSpecStudyUITests.swift */; };
		E21FE5C41EFC6424006F6B60 /* AncileStudyServerClient.swift in Sources */ = {isa = PBXBuildFile; fileRef = E21FE5C31EFC6424006F6B60 /* AncileStudyServerClient.swift */; };
		E21FE5C61EFC652F006F6B60 /* AncileStudyServerClientError.swift in Sources */ = {isa = PBXBuildFile; fileRef = E21FE5C51EFC652F006F6B60 /* AncileStudyServerClientError.swift */; };
		E22C261E1F1825780060502C /* ANCRedirectStepViewController.swift in Sources */ = {isa = PBXBuildFile; fileRef = E22C261D1F1825780060502C /* ANCRedirectStepViewController.swift */; };
		E22C26201F1825970060502C /* ANCRedirectStepDelegate.swift in Sources */ = {isa = PBXBuildFile; fileRef = E22C261F1F1825970060502C /* ANCRedirectStepDelegate.swift */; };
		E22C26221F1829760060502C /* ANCRedirectStep.swift in Sources */ = {isa = PBXBuildFile; fileRef = E22C26211F1829760060502C /* ANCRedirectStep.swift */; };
		E24AAB041F1D64E1003C276D /* ANCOpenURLDelegate.swift in Sources */ = {isa = PBXBuildFile; fileRef = E24AAB031F1D64E1003C276D /* ANCOpenURLDelegate.swift */; };
		E24AAB0C1F1D84FD003C276D /* ANCOpenURLManager.swift in Sources */ = {isa = PBXBuildFile; fileRef = E24AAB0B1F1D84FD003C276D /* ANCOpenURLManager.swift */; };
		E24AAB0E1F1D85AE003C276D /* ANCAncileAuthDelegate.swift in Sources */ = {isa = PBXBuildFile; fileRef = E24AAB0D1F1D85AE003C276D /* ANCAncileAuthDelegate.swift */; };
		E24AAB101F1D9184003C276D /* ANCCoreAuthDelegate.swift in Sources */ = {isa = PBXBuildFile; fileRef = E24AAB0F1F1D9184003C276D /* ANCCoreAuthDelegate.swift */; };
		E24AAB121F1D968D003C276D /* ANCAuthStepGenerator.swift in Sources */ = {isa = PBXBuildFile; fileRef = E24AAB111F1D968D003C276D /* ANCAuthStepGenerator.swift */; };
		E24AAB151F1D9813003C276D /* ANCRedirectStepDescriptor.swift in Sources */ = {isa = PBXBuildFile; fileRef = E24AAB141F1D9813003C276D /* ANCRedirectStepDescriptor.swift */; };
		E2E410751F141AF500FF8FA6 /* ANCActivityManager.swift in Sources */ = {isa = PBXBuildFile; fileRef = E2E410741F141AF500FF8FA6 /* ANCActivityManager.swift */; };
		E2E410771F141BAE00FF8FA6 /* ANCActivity.swift in Sources */ = {isa = PBXBuildFile; fileRef = E2E410761F141BAE00FF8FA6 /* ANCActivity.swift */; };
		E2E410791F141EFD00FF8FA6 /* AuthTestViewController.swift in Sources */ = {isa = PBXBuildFile; fileRef = E2E410781F141EFD00FF8FA6 /* AuthTestViewController.swift */; };
		E2E4107D1F14224900FF8FA6 /* activities.json in Resources */ = {isa = PBXBuildFile; fileRef = E2E4107C1F14224900FF8FA6 /* activities.json */; };
		E2E793BF1F1FB37E00E4A947 /* OMHClient.plist in Resources */ = {isa = PBXBuildFile; fileRef = E2E793BE1F1FB37E00E4A947 /* OMHClient.plist */; };
		E2E793E01F20DC1A00E4A947 /* ANCConsentDocument.swift in Sources */ = {isa = PBXBuildFile; fileRef = E2E793DF1F20DC1A00E4A947 /* ANCConsentDocument.swift */; };
		E2E793E21F20E70F00E4A947 /* ANCOhmageAuthDelegate.swift in Sources */ = {isa = PBXBuildFile; fileRef = E2E793E11F20E70F00E4A947 /* ANCOhmageAuthDelegate.swift */; };
		E2E793E41F21377C00E4A947 /* weeklySurvey.json in Resources */ = {isa = PBXBuildFile; fileRef = E2E793E31F21377C00E4A947 /* weeklySurvey.json */; };
		E2E793E61F213A2500E4A947 /* ANCWeeklySurveyResult.swift in Sources */ = {isa = PBXBuildFile; fileRef = E2E793E51F213A2500E4A947 /* ANCWeeklySurveyResult.swift */; };
		E2E793E81F213B8700E4A947 /* ANCWeeklySurveyResult+OMHDatapoint.swift in Sources */ = {isa = PBXBuildFile; fileRef = E2E793E71F213B8700E4A947 /* ANCWeeklySurveyResult+OMHDatapoint.swift */; };
/* End PBXBuildFile section */

/* Begin PBXContainerItemProxy section */
		E21FE5981EFC092C006F6B60 /* PBXContainerItemProxy */ = {
			isa = PBXContainerItemProxy;
			containerPortal = E21FE57B1EFC092C006F6B60 /* Project object */;
			proxyType = 1;
			remoteGlobalIDString = E21FE5821EFC092C006F6B60;
			remoteInfo = AncilePhoneSpecStudy;
		};
		E21FE5A31EFC092C006F6B60 /* PBXContainerItemProxy */ = {
			isa = PBXContainerItemProxy;
			containerPortal = E21FE57B1EFC092C006F6B60 /* Project object */;
			proxyType = 1;
			remoteGlobalIDString = E21FE5821EFC092C006F6B60;
			remoteInfo = AncilePhoneSpecStudy;
		};
/* End PBXContainerItemProxy section */

/* Begin PBXFileReference section */
		149273CE174464E91C93E26E /* Pods-AncilePhoneSpecStudyTests.release.xcconfig */ = {isa = PBXFileReference; includeInIndex = 1; lastKnownFileType = text.xcconfig; name = "Pods-AncilePhoneSpecStudyTests.release.xcconfig"; path = "Pods/Target Support Files/Pods-AncilePhoneSpecStudyTests/Pods-AncilePhoneSpecStudyTests.release.xcconfig"; sourceTree = "<group>"; };
		2ACA5D576D528FBA9FC2010F /* Pods_AncilePhoneSpecStudy.framework */ = {isa = PBXFileReference; explicitFileType = wrapper.framework; includeInIndex = 0; path = Pods_AncilePhoneSpecStudy.framework; sourceTree = BUILT_PRODUCTS_DIR; };
		400DD93F8D82B594BB6E9517 /* Pods-AncilePhoneSpecStudyUITests.release.xcconfig */ = {isa = PBXFileReference; includeInIndex = 1; lastKnownFileType = text.xcconfig; name = "Pods-AncilePhoneSpecStudyUITests.release.xcconfig"; path = "Pods/Target Support Files/Pods-AncilePhoneSpecStudyUITests/Pods-AncilePhoneSpecStudyUITests.release.xcconfig"; sourceTree = "<group>"; };
		41AC4D14EDD22B557FBD09F1 /* Pods-AncilePhoneSpecStudy.release.xcconfig */ = {isa = PBXFileReference; includeInIndex = 1; lastKnownFileType = text.xcconfig; name = "Pods-AncilePhoneSpecStudy.release.xcconfig"; path = "Pods/Target Support Files/Pods-AncilePhoneSpecStudy/Pods-AncilePhoneSpecStudy.release.xcconfig"; sourceTree = "<group>"; };
		42B15E87BDF566A58FA0316D /* Pods-AncilePhoneSpecStudyUITests.debug.xcconfig */ = {isa = PBXFileReference; includeInIndex = 1; lastKnownFileType = text.xcconfig; name = "Pods-AncilePhoneSpecStudyUITests.debug.xcconfig"; path = "Pods/Target Support Files/Pods-AncilePhoneSpecStudyUITests/Pods-AncilePhoneSpecStudyUITests.debug.xcconfig"; sourceTree = "<group>"; };
		770F35B3F56DD7297CCA709C /* Pods-AncilePhoneSpecStudy.debug.xcconfig */ = {isa = PBXFileReference; includeInIndex = 1; lastKnownFileType = text.xcconfig; name = "Pods-AncilePhoneSpecStudy.debug.xcconfig"; path = "Pods/Target Support Files/Pods-AncilePhoneSpecStudy/Pods-AncilePhoneSpecStudy.debug.xcconfig"; sourceTree = "<group>"; };
		7D7CDE23C7A4BDD412C0C05A /* Pods_AncilePhoneSpecStudyUITests.framework */ = {isa = PBXFileReference; explicitFileType = wrapper.framework; includeInIndex = 0; path = Pods_AncilePhoneSpecStudyUITests.framework; sourceTree = BUILT_PRODUCTS_DIR; };
		A5886542AB2E1B4946F8FAAC /* Pods-AncilePhoneSpecStudyTests.debug.xcconfig */ = {isa = PBXFileReference; includeInIndex = 1; lastKnownFileType = text.xcconfig; name = "Pods-AncilePhoneSpecStudyTests.debug.xcconfig"; path = "Pods/Target Support Files/Pods-AncilePhoneSpecStudyTests/Pods-AncilePhoneSpecStudyTests.debug.xcconfig"; sourceTree = "<group>"; };
		E21D11691F1409F200351E7A /* ANCOnboardingViewController.swift */ = {isa = PBXFileReference; fileEncoding = 4; lastKnownFileType = sourcecode.swift; path = ANCOnboardingViewController.swift; sourceTree = "<group>"; };
		E21D116B1F140ED400351E7A /* ANCStore.swift */ = {isa = PBXFileReference; fileEncoding = 4; lastKnownFileType = sourcecode.swift; path = ANCStore.swift; sourceTree = "<group>"; };
		E21EA7981F2944CF00997DB6 /* consentDocument.json */ = {isa = PBXFileReference; fileEncoding = 4; lastKnownFileType = text.json; name = consentDocument.json; path = config/json/consentDocument.json; sourceTree = "<group>"; };
		E21FE5831EFC092C006F6B60 /* AncilePhoneSpecStudy.app */ = {isa = PBXFileReference; explicitFileType = wrapper.application; includeInIndex = 0; path = AncilePhoneSpecStudy.app; sourceTree = BUILT_PRODUCTS_DIR; };
		E21FE5861EFC092C006F6B60 /* AppDelegate.swift */ = {isa = PBXFileReference; lastKnownFileType = sourcecode.swift; path = AppDelegate.swift; sourceTree = "<group>"; };
		E21FE58B1EFC092C006F6B60 /* Base */ = {isa = PBXFileReference; lastKnownFileType = file.storyboard; name = Base; path = Base.lproj/Main.storyboard; sourceTree = "<group>"; };
		E21FE58D1EFC092C006F6B60 /* Assets.xcassets */ = {isa = PBXFileReference; lastKnownFileType = folder.assetcatalog; path = Assets.xcassets; sourceTree = "<group>"; };
		E21FE5901EFC092C006F6B60 /* Base */ = {isa = PBXFileReference; lastKnownFileType = file.storyboard; name = Base; path = Base.lproj/LaunchScreen.storyboard; sourceTree = "<group>"; };
		E21FE5921EFC092C006F6B60 /* Info.plist */ = {isa = PBXFileReference; lastKnownFileType = text.plist.xml; path = Info.plist; sourceTree = "<group>"; };
		E21FE5971EFC092C006F6B60 /* AncilePhoneSpecStudyTests.xctest */ = {isa = PBXFileReference; explicitFileType = wrapper.cfbundle; includeInIndex = 0; path = AncilePhoneSpecStudyTests.xctest; sourceTree = BUILT_PRODUCTS_DIR; };
		E21FE59B1EFC092C006F6B60 /* AncilePhoneSpecStudyTests.swift */ = {isa = PBXFileReference; lastKnownFileType = sourcecode.swift; path = AncilePhoneSpecStudyTests.swift; sourceTree = "<group>"; };
		E21FE59D1EFC092C006F6B60 /* Info.plist */ = {isa = PBXFileReference; lastKnownFileType = text.plist.xml; path = Info.plist; sourceTree = "<group>"; };
		E21FE5A21EFC092C006F6B60 /* AncilePhoneSpecStudyUITests.xctest */ = {isa = PBXFileReference; explicitFileType = wrapper.cfbundle; includeInIndex = 0; path = AncilePhoneSpecStudyUITests.xctest; sourceTree = BUILT_PRODUCTS_DIR; };
		E21FE5A61EFC092C006F6B60 /* AncilePhoneSpecStudyUITests.swift */ = {isa = PBXFileReference; lastKnownFileType = sourcecode.swift; path = AncilePhoneSpecStudyUITests.swift; sourceTree = "<group>"; };
		E21FE5A81EFC092C006F6B60 /* Info.plist */ = {isa = PBXFileReference; lastKnownFileType = text.plist.xml; path = Info.plist; sourceTree = "<group>"; };
		E21FE5C31EFC6424006F6B60 /* AncileStudyServerClient.swift */ = {isa = PBXFileReference; fileEncoding = 4; lastKnownFileType = sourcecode.swift; path = AncileStudyServerClient.swift; sourceTree = "<group>"; };
		E21FE5C51EFC652F006F6B60 /* AncileStudyServerClientError.swift */ = {isa = PBXFileReference; fileEncoding = 4; lastKnownFileType = sourcecode.swift; path = AncileStudyServerClientError.swift; sourceTree = "<group>"; };
		E22C261D1F1825780060502C /* ANCRedirectStepViewController.swift */ = {isa = PBXFileReference; fileEncoding = 4; lastKnownFileType = sourcecode.swift; path = ANCRedirectStepViewController.swift; sourceTree = "<group>"; };
		E22C261F1F1825970060502C /* ANCRedirectStepDelegate.swift */ = {isa = PBXFileReference; fileEncoding = 4; lastKnownFileType = sourcecode.swift; path = ANCRedirectStepDelegate.swift; sourceTree = "<group>"; };
		E22C26211F1829760060502C /* ANCRedirectStep.swift */ = {isa = PBXFileReference; fileEncoding = 4; lastKnownFileType = sourcecode.swift; path = ANCRedirectStep.swift; sourceTree = "<group>"; };
		E24AAB031F1D64E1003C276D /* ANCOpenURLDelegate.swift */ = {isa = PBXFileReference; fileEncoding = 4; lastKnownFileType = sourcecode.swift; path = ANCOpenURLDelegate.swift; sourceTree = "<group>"; };
		E24AAB0B1F1D84FD003C276D /* ANCOpenURLManager.swift */ = {isa = PBXFileReference; fileEncoding = 4; lastKnownFileType = sourcecode.swift; path = ANCOpenURLManager.swift; sourceTree = "<group>"; };
		E24AAB0D1F1D85AE003C276D /* ANCAncileAuthDelegate.swift */ = {isa = PBXFileReference; fileEncoding = 4; lastKnownFileType = sourcecode.swift; path = ANCAncileAuthDelegate.swift; sourceTree = "<group>"; };
		E24AAB0F1F1D9184003C276D /* ANCCoreAuthDelegate.swift */ = {isa = PBXFileReference; fileEncoding = 4; lastKnownFileType = sourcecode.swift; path = ANCCoreAuthDelegate.swift; sourceTree = "<group>"; };
		E24AAB111F1D968D003C276D /* ANCAuthStepGenerator.swift */ = {isa = PBXFileReference; fileEncoding = 4; lastKnownFileType = sourcecode.swift; path = ANCAuthStepGenerator.swift; sourceTree = "<group>"; };
		E24AAB141F1D9813003C276D /* ANCRedirectStepDescriptor.swift */ = {isa = PBXFileReference; fileEncoding = 4; lastKnownFileType = sourcecode.swift; path = ANCRedirectStepDescriptor.swift; sourceTree = "<group>"; };
		E2E410741F141AF500FF8FA6 /* ANCActivityManager.swift */ = {isa = PBXFileReference; fileEncoding = 4; lastKnownFileType = sourcecode.swift; path = ANCActivityManager.swift; sourceTree = "<group>"; };
		E2E410761F141BAE00FF8FA6 /* ANCActivity.swift */ = {isa = PBXFileReference; fileEncoding = 4; lastKnownFileType = sourcecode.swift; path = ANCActivity.swift; sourceTree = "<group>"; };
		E2E410781F141EFD00FF8FA6 /* AuthTestViewController.swift */ = {isa = PBXFileReference; fileEncoding = 4; lastKnownFileType = sourcecode.swift; path = AuthTestViewController.swift; sourceTree = "<group>"; };
		E2E4107C1F14224900FF8FA6 /* activities.json */ = {isa = PBXFileReference; fileEncoding = 4; lastKnownFileType = text.json; name = activities.json; path = config/json/activities.json; sourceTree = "<group>"; };
		E2E793BE1F1FB37E00E4A947 /* OMHClient.plist */ = {isa = PBXFileReference; fileEncoding = 4; lastKnownFileType = text.plist.xml; path = OMHClient.plist; sourceTree = "<group>"; };
		E2E793DF1F20DC1A00E4A947 /* ANCConsentDocument.swift */ = {isa = PBXFileReference; fileEncoding = 4; lastKnownFileType = sourcecode.swift; path = ANCConsentDocument.swift; sourceTree = "<group>"; };
		E2E793E11F20E70F00E4A947 /* ANCOhmageAuthDelegate.swift */ = {isa = PBXFileReference; fileEncoding = 4; lastKnownFileType = sourcecode.swift; path = ANCOhmageAuthDelegate.swift; sourceTree = "<group>"; };
		E2E793E31F21377C00E4A947 /* weeklySurvey.json */ = {isa = PBXFileReference; fileEncoding = 4; lastKnownFileType = text.json; name = weeklySurvey.json; path = config/json/weeklySurvey.json; sourceTree = "<group>"; };
		E2E793E51F213A2500E4A947 /* ANCWeeklySurveyResult.swift */ = {isa = PBXFileReference; fileEncoding = 4; lastKnownFileType = sourcecode.swift; path = ANCWeeklySurveyResult.swift; sourceTree = "<group>"; };
		E2E793E71F213B8700E4A947 /* ANCWeeklySurveyResult+OMHDatapoint.swift */ = {isa = PBXFileReference; fileEncoding = 4; lastKnownFileType = sourcecode.swift; path = "ANCWeeklySurveyResult+OMHDatapoint.swift"; sourceTree = "<group>"; };
		FFB10B2C22501A23E4A3A29C /* Pods_AncilePhoneSpecStudyTests.framework */ = {isa = PBXFileReference; explicitFileType = wrapper.framework; includeInIndex = 0; path = Pods_AncilePhoneSpecStudyTests.framework; sourceTree = BUILT_PRODUCTS_DIR; };
/* End PBXFileReference section */

/* Begin PBXFrameworksBuildPhase section */
		E21FE5801EFC092C006F6B60 /* Frameworks */ = {
			isa = PBXFrameworksBuildPhase;
			buildActionMask = 2147483647;
			files = (
				19E501DCED0F887B1CC37F59 /* Pods_AncilePhoneSpecStudy.framework in Frameworks */,
			);
			runOnlyForDeploymentPostprocessing = 0;
		};
		E21FE5941EFC092C006F6B60 /* Frameworks */ = {
			isa = PBXFrameworksBuildPhase;
			buildActionMask = 2147483647;
			files = (
				3FEE24515FAD0341AF960F44 /* Pods_AncilePhoneSpecStudyTests.framework in Frameworks */,
			);
			runOnlyForDeploymentPostprocessing = 0;
		};
		E21FE59F1EFC092C006F6B60 /* Frameworks */ = {
			isa = PBXFrameworksBuildPhase;
			buildActionMask = 2147483647;
			files = (
				A5B06680B13076C224C10007 /* Pods_AncilePhoneSpecStudyUITests.framework in Frameworks */,
			);
			runOnlyForDeploymentPostprocessing = 0;
		};
/* End PBXFrameworksBuildPhase section */

/* Begin PBXGroup section */
		7BA437B44D1633EA22258559 /* Frameworks */ = {
			isa = PBXGroup;
			children = (
				2ACA5D576D528FBA9FC2010F /* Pods_AncilePhoneSpecStudy.framework */,
				FFB10B2C22501A23E4A3A29C /* Pods_AncilePhoneSpecStudyTests.framework */,
				7D7CDE23C7A4BDD412C0C05A /* Pods_AncilePhoneSpecStudyUITests.framework */,
			);
			name = Frameworks;
			sourceTree = "<group>";
		};
		E21FE57A1EFC092C006F6B60 = {
			isa = PBXGroup;
			children = (
				E21FE5851EFC092C006F6B60 /* AncilePhoneSpecStudy */,
				E21FE59A1EFC092C006F6B60 /* AncilePhoneSpecStudyTests */,
				E21FE5A51EFC092C006F6B60 /* AncilePhoneSpecStudyUITests */,
				E21FE5841EFC092C006F6B60 /* Products */,
				EB857CD83C71DED3D402D425 /* Pods */,
				7BA437B44D1633EA22258559 /* Frameworks */,
			);
			sourceTree = "<group>";
		};
		E21FE5841EFC092C006F6B60 /* Products */ = {
			isa = PBXGroup;
			children = (
				E21FE5831EFC092C006F6B60 /* AncilePhoneSpecStudy.app */,
				E21FE5971EFC092C006F6B60 /* AncilePhoneSpecStudyTests.xctest */,
				E21FE5A21EFC092C006F6B60 /* AncilePhoneSpecStudyUITests.xctest */,
			);
			name = Products;
			sourceTree = "<group>";
		};
		E21FE5851EFC092C006F6B60 /* AncilePhoneSpecStudy */ = {
			isa = PBXGroup;
			children = (
				E2E4107A1F14221E00FF8FA6 /* config */,
				E21FE5861EFC092C006F6B60 /* AppDelegate.swift */,
				E2E793E51F213A2500E4A947 /* ANCWeeklySurveyResult.swift */,
				E2E793E71F213B8700E4A947 /* ANCWeeklySurveyResult+OMHDatapoint.swift */,
				E21D11691F1409F200351E7A /* ANCOnboardingViewController.swift */,
				E2E410781F141EFD00FF8FA6 /* AuthTestViewController.swift */,
				E21D116B1F140ED400351E7A /* ANCStore.swift */,
				E2E410741F141AF500FF8FA6 /* ANCActivityManager.swift */,
				E2E410761F141BAE00FF8FA6 /* ANCActivity.swift */,
				E21FE5C31EFC6424006F6B60 /* AncileStudyServerClient.swift */,
				E21FE5C51EFC652F006F6B60 /* AncileStudyServerClientError.swift */,
				E22C26211F1829760060502C /* ANCRedirectStep.swift */,
				E24AAB0D1F1D85AE003C276D /* ANCAncileAuthDelegate.swift */,
				E24AAB0F1F1D9184003C276D /* ANCCoreAuthDelegate.swift */,
				E2E793E11F20E70F00E4A947 /* ANCOhmageAuthDelegate.swift */,
				E22C261D1F1825780060502C /* ANCRedirectStepViewController.swift */,
				E22C261F1F1825970060502C /* ANCRedirectStepDelegate.swift */,
				E24AAB031F1D64E1003C276D /* ANCOpenURLDelegate.swift */,
				E24AAB0B1F1D84FD003C276D /* ANCOpenURLManager.swift */,
				E24AAB111F1D968D003C276D /* ANCAuthStepGenerator.swift */,
				E24AAB141F1D9813003C276D /* ANCRedirectStepDescriptor.swift */,
				E2E793DF1F20DC1A00E4A947 /* ANCConsentDocument.swift */,
				E21FE58A1EFC092C006F6B60 /* Main.storyboard */,
				E21FE58D1EFC092C006F6B60 /* Assets.xcassets */,
				E21FE58F1EFC092C006F6B60 /* LaunchScreen.storyboard */,
				E21FE5921EFC092C006F6B60 /* Info.plist */,
				E2E793BE1F1FB37E00E4A947 /* OMHClient.plist */,
			);
			path = AncilePhoneSpecStudy;
			sourceTree = "<group>";
		};
		E21FE59A1EFC092C006F6B60 /* AncilePhoneSpecStudyTests */ = {
			isa = PBXGroup;
			children = (
				E21FE59B1EFC092C006F6B60 /* AncilePhoneSpecStudyTests.swift */,
				E21FE59D1EFC092C006F6B60 /* Info.plist */,
			);
			path = AncilePhoneSpecStudyTests;
			sourceTree = "<group>";
		};
		E21FE5A51EFC092C006F6B60 /* AncilePhoneSpecStudyUITests */ = {
			isa = PBXGroup;
			children = (
				E21FE5A61EFC092C006F6B60 /* AncilePhoneSpecStudyUITests.swift */,
				E21FE5A81EFC092C006F6B60 /* Info.plist */,
			);
			path = AncilePhoneSpecStudyUITests;
			sourceTree = "<group>";
		};
		E2E4107A1F14221E00FF8FA6 /* config */ = {
			isa = PBXGroup;
			children = (
				E2E4107B1F14222200FF8FA6 /* json */,
			);
			name = config;
			sourceTree = "<group>";
		};
		E2E4107B1F14222200FF8FA6 /* json */ = {
			isa = PBXGroup;
			children = (
				E21EA7981F2944CF00997DB6 /* consentDocument.json */,
				E2E4107C1F14224900FF8FA6 /* activities.json */,
				E2E793E31F21377C00E4A947 /* weeklySurvey.json */,
			);
			name = json;
			sourceTree = "<group>";
		};
		EB857CD83C71DED3D402D425 /* Pods */ = {
			isa = PBXGroup;
			children = (
				770F35B3F56DD7297CCA709C /* Pods-AncilePhoneSpecStudy.debug.xcconfig */,
				41AC4D14EDD22B557FBD09F1 /* Pods-AncilePhoneSpecStudy.release.xcconfig */,
				A5886542AB2E1B4946F8FAAC /* Pods-AncilePhoneSpecStudyTests.debug.xcconfig */,
				149273CE174464E91C93E26E /* Pods-AncilePhoneSpecStudyTests.release.xcconfig */,
				42B15E87BDF566A58FA0316D /* Pods-AncilePhoneSpecStudyUITests.debug.xcconfig */,
				400DD93F8D82B594BB6E9517 /* Pods-AncilePhoneSpecStudyUITests.release.xcconfig */,
			);
			name = Pods;
			sourceTree = "<group>";
		};
/* End PBXGroup section */

/* Begin PBXNativeTarget section */
		E21FE5821EFC092C006F6B60 /* AncilePhoneSpecStudy */ = {
			isa = PBXNativeTarget;
			buildConfigurationList = E21FE5AB1EFC092C006F6B60 /* Build configuration list for PBXNativeTarget "AncilePhoneSpecStudy" */;
			buildPhases = (
				8D82A17C63CA7ADCA2EF016D /* [CP] Check Pods Manifest.lock */,
				E21FE57F1EFC092C006F6B60 /* Sources */,
				E21FE5801EFC092C006F6B60 /* Frameworks */,
				E21FE5811EFC092C006F6B60 /* Resources */,
				C22AA4BE1C05221A6A44A7BD /* [CP] Embed Pods Frameworks */,
				FBA383DEFE0DC1CCB984B480 /* [CP] Copy Pods Resources */,
			);
			buildRules = (
			);
			dependencies = (
			);
			name = AncilePhoneSpecStudy;
			productName = AncilePhoneSpecStudy;
			productReference = E21FE5831EFC092C006F6B60 /* AncilePhoneSpecStudy.app */;
			productType = "com.apple.product-type.application";
		};
		E21FE5961EFC092C006F6B60 /* AncilePhoneSpecStudyTests */ = {
			isa = PBXNativeTarget;
			buildConfigurationList = E21FE5AE1EFC092C006F6B60 /* Build configuration list for PBXNativeTarget "AncilePhoneSpecStudyTests" */;
			buildPhases = (
				4EB914702C7D9B785DAE0642 /* [CP] Check Pods Manifest.lock */,
				E21FE5931EFC092C006F6B60 /* Sources */,
				E21FE5941EFC092C006F6B60 /* Frameworks */,
				E21FE5951EFC092C006F6B60 /* Resources */,
				D1B09D3DE0CABD3C393D9179 /* [CP] Embed Pods Frameworks */,
				119DD94400A7A03DF39F446F /* [CP] Copy Pods Resources */,
			);
			buildRules = (
			);
			dependencies = (
				E21FE5991EFC092C006F6B60 /* PBXTargetDependency */,
			);
			name = AncilePhoneSpecStudyTests;
			productName = AncilePhoneSpecStudyTests;
			productReference = E21FE5971EFC092C006F6B60 /* AncilePhoneSpecStudyTests.xctest */;
			productType = "com.apple.product-type.bundle.unit-test";
		};
		E21FE5A11EFC092C006F6B60 /* AncilePhoneSpecStudyUITests */ = {
			isa = PBXNativeTarget;
			buildConfigurationList = E21FE5B11EFC092C006F6B60 /* Build configuration list for PBXNativeTarget "AncilePhoneSpecStudyUITests" */;
			buildPhases = (
				5D0F49A26DE17DA37C640E46 /* [CP] Check Pods Manifest.lock */,
				E21FE59E1EFC092C006F6B60 /* Sources */,
				E21FE59F1EFC092C006F6B60 /* Frameworks */,
				E21FE5A01EFC092C006F6B60 /* Resources */,
				000F3A3F35E0A8F054BC0020 /* [CP] Embed Pods Frameworks */,
				D7F00F1580C94DCB35B89C42 /* [CP] Copy Pods Resources */,
			);
			buildRules = (
			);
			dependencies = (
				E21FE5A41EFC092C006F6B60 /* PBXTargetDependency */,
			);
			name = AncilePhoneSpecStudyUITests;
			productName = AncilePhoneSpecStudyUITests;
			productReference = E21FE5A21EFC092C006F6B60 /* AncilePhoneSpecStudyUITests.xctest */;
			productType = "com.apple.product-type.bundle.ui-testing";
		};
/* End PBXNativeTarget section */

/* Begin PBXProject section */
		E21FE57B1EFC092C006F6B60 /* Project object */ = {
			isa = PBXProject;
			attributes = {
				LastSwiftUpdateCheck = 0830;
				LastUpgradeCheck = 0830;
				ORGANIZATIONNAME = smalldatalab;
				TargetAttributes = {
					E21FE5821EFC092C006F6B60 = {
						CreatedOnToolsVersion = 8.3.3;
						DevelopmentTeam = AA753846B2;
						ProvisioningStyle = Automatic;
					};
					E21FE5961EFC092C006F6B60 = {
						CreatedOnToolsVersion = 8.3.3;
						DevelopmentTeam = AA753846B2;
						ProvisioningStyle = Automatic;
						TestTargetID = E21FE5821EFC092C006F6B60;
					};
					E21FE5A11EFC092C006F6B60 = {
						CreatedOnToolsVersion = 8.3.3;
						DevelopmentTeam = AA753846B2;
						ProvisioningStyle = Automatic;
						TestTargetID = E21FE5821EFC092C006F6B60;
					};
				};
			};
			buildConfigurationList = E21FE57E1EFC092C006F6B60 /* Build configuration list for PBXProject "AncilePhoneSpecStudy" */;
			compatibilityVersion = "Xcode 3.2";
			developmentRegion = English;
			hasScannedForEncodings = 0;
			knownRegions = (
				en,
				Base,
			);
			mainGroup = E21FE57A1EFC092C006F6B60;
			productRefGroup = E21FE5841EFC092C006F6B60 /* Products */;
			projectDirPath = "";
			projectRoot = "";
			targets = (
				E21FE5821EFC092C006F6B60 /* AncilePhoneSpecStudy */,
				E21FE5961EFC092C006F6B60 /* AncilePhoneSpecStudyTests */,
				E21FE5A11EFC092C006F6B60 /* AncilePhoneSpecStudyUITests */,
			);
		};
/* End PBXProject section */

/* Begin PBXResourcesBuildPhase section */
		E21FE5811EFC092C006F6B60 /* Resources */ = {
			isa = PBXResourcesBuildPhase;
			buildActionMask = 2147483647;
			files = (
				E21EA7991F2944CF00997DB6 /* consentDocument.json in Resources */,
				E2E4107D1F14224900FF8FA6 /* activities.json in Resources */,
				E21FE5911EFC092C006F6B60 /* LaunchScreen.storyboard in Resources */,
				E21FE58E1EFC092C006F6B60 /* Assets.xcassets in Resources */,
				E2E793BF1F1FB37E00E4A947 /* OMHClient.plist in Resources */,
				E2E793E41F21377C00E4A947 /* weeklySurvey.json in Resources */,
				E21FE58C1EFC092C006F6B60 /* Main.storyboard in Resources */,
			);
			runOnlyForDeploymentPostprocessing = 0;
		};
		E21FE5951EFC092C006F6B60 /* Resources */ = {
			isa = PBXResourcesBuildPhase;
			buildActionMask = 2147483647;
			files = (
			);
			runOnlyForDeploymentPostprocessing = 0;
		};
		E21FE5A01EFC092C006F6B60 /* Resources */ = {
			isa = PBXResourcesBuildPhase;
			buildActionMask = 2147483647;
			files = (
			);
			runOnlyForDeploymentPostprocessing = 0;
		};
/* End PBXResourcesBuildPhase section */

/* Begin PBXShellScriptBuildPhase section */
		000F3A3F35E0A8F054BC0020 /* [CP] Embed Pods Frameworks */ = {
			isa = PBXShellScriptBuildPhase;
			buildActionMask = 2147483647;
			files = (
			);
			inputPaths = (
			);
			name = "[CP] Embed Pods Frameworks";
			outputPaths = (
			);
			runOnlyForDeploymentPostprocessing = 0;
			shellPath = /bin/sh;
			shellScript = "\"${SRCROOT}/Pods/Target Support Files/Pods-AncilePhoneSpecStudyUITests/Pods-AncilePhoneSpecStudyUITests-frameworks.sh\"\n";
			showEnvVarsInLog = 0;
		};
		119DD94400A7A03DF39F446F /* [CP] Copy Pods Resources */ = {
			isa = PBXShellScriptBuildPhase;
			buildActionMask = 2147483647;
			files = (
			);
			inputPaths = (
			);
			name = "[CP] Copy Pods Resources";
			outputPaths = (
			);
			runOnlyForDeploymentPostprocessing = 0;
			shellPath = /bin/sh;
			shellScript = "\"${SRCROOT}/Pods/Target Support Files/Pods-AncilePhoneSpecStudyTests/Pods-AncilePhoneSpecStudyTests-resources.sh\"\n";
			showEnvVarsInLog = 0;
		};
		4EB914702C7D9B785DAE0642 /* [CP] Check Pods Manifest.lock */ = {
			isa = PBXShellScriptBuildPhase;
			buildActionMask = 2147483647;
			files = (
			);
			inputPaths = (
			);
			name = "[CP] Check Pods Manifest.lock";
			outputPaths = (
			);
			runOnlyForDeploymentPostprocessing = 0;
			shellPath = /bin/sh;
			shellScript = "diff \"${PODS_PODFILE_DIR_PATH}/Podfile.lock\" \"${PODS_ROOT}/Manifest.lock\" > /dev/null\nif [ $? != 0 ] ; then\n    # print error to STDERR\n    echo \"error: The sandbox is not in sync with the Podfile.lock. Run 'pod install' or update your CocoaPods installation.\" >&2\n    exit 1\nfi\n";
			showEnvVarsInLog = 0;
		};
		5D0F49A26DE17DA37C640E46 /* [CP] Check Pods Manifest.lock */ = {
			isa = PBXShellScriptBuildPhase;
			buildActionMask = 2147483647;
			files = (
			);
			inputPaths = (
			);
			name = "[CP] Check Pods Manifest.lock";
			outputPaths = (
			);
			runOnlyForDeploymentPostprocessing = 0;
			shellPath = /bin/sh;
			shellScript = "diff \"${PODS_PODFILE_DIR_PATH}/Podfile.lock\" \"${PODS_ROOT}/Manifest.lock\" > /dev/null\nif [ $? != 0 ] ; then\n    # print error to STDERR\n    echo \"error: The sandbox is not in sync with the Podfile.lock. Run 'pod install' or update your CocoaPods installation.\" >&2\n    exit 1\nfi\n";
			showEnvVarsInLog = 0;
		};
		8D82A17C63CA7ADCA2EF016D /* [CP] Check Pods Manifest.lock */ = {
			isa = PBXShellScriptBuildPhase;
			buildActionMask = 2147483647;
			files = (
			);
			inputPaths = (
			);
			name = "[CP] Check Pods Manifest.lock";
			outputPaths = (
			);
			runOnlyForDeploymentPostprocessing = 0;
			shellPath = /bin/sh;
			shellScript = "diff \"${PODS_PODFILE_DIR_PATH}/Podfile.lock\" \"${PODS_ROOT}/Manifest.lock\" > /dev/null\nif [ $? != 0 ] ; then\n    # print error to STDERR\n    echo \"error: The sandbox is not in sync with the Podfile.lock. Run 'pod install' or update your CocoaPods installation.\" >&2\n    exit 1\nfi\n";
			showEnvVarsInLog = 0;
		};
		C22AA4BE1C05221A6A44A7BD /* [CP] Embed Pods Frameworks */ = {
			isa = PBXShellScriptBuildPhase;
			buildActionMask = 2147483647;
			files = (
			);
			inputPaths = (
			);
			name = "[CP] Embed Pods Frameworks";
			outputPaths = (
			);
			runOnlyForDeploymentPostprocessing = 0;
			shellPath = /bin/sh;
			shellScript = "\"${SRCROOT}/Pods/Target Support Files/Pods-AncilePhoneSpecStudy/Pods-AncilePhoneSpecStudy-frameworks.sh\"\n";
			showEnvVarsInLog = 0;
		};
		D1B09D3DE0CABD3C393D9179 /* [CP] Embed Pods Frameworks */ = {
			isa = PBXShellScriptBuildPhase;
			buildActionMask = 2147483647;
			files = (
			);
			inputPaths = (
			);
			name = "[CP] Embed Pods Frameworks";
			outputPaths = (
			);
			runOnlyForDeploymentPostprocessing = 0;
			shellPath = /bin/sh;
			shellScript = "\"${SRCROOT}/Pods/Target Support Files/Pods-AncilePhoneSpecStudyTests/Pods-AncilePhoneSpecStudyTests-frameworks.sh\"\n";
			showEnvVarsInLog = 0;
		};
		D7F00F1580C94DCB35B89C42 /* [CP] Copy Pods Resources */ = {
			isa = PBXShellScriptBuildPhase;
			buildActionMask = 2147483647;
			files = (
			);
			inputPaths = (
			);
			name = "[CP] Copy Pods Resources";
			outputPaths = (
			);
			runOnlyForDeploymentPostprocessing = 0;
			shellPath = /bin/sh;
			shellScript = "\"${SRCROOT}/Pods/Target Support Files/Pods-AncilePhoneSpecStudyUITests/Pods-AncilePhoneSpecStudyUITests-resources.sh\"\n";
			showEnvVarsInLog = 0;
		};
		FBA383DEFE0DC1CCB984B480 /* [CP] Copy Pods Resources */ = {
			isa = PBXShellScriptBuildPhase;
			buildActionMask = 2147483647;
			files = (
			);
			inputPaths = (
			);
			name = "[CP] Copy Pods Resources";
			outputPaths = (
			);
			runOnlyForDeploymentPostprocessing = 0;
			shellPath = /bin/sh;
			shellScript = "\"${SRCROOT}/Pods/Target Support Files/Pods-AncilePhoneSpecStudy/Pods-AncilePhoneSpecStudy-resources.sh\"\n";
			showEnvVarsInLog = 0;
		};
/* End PBXShellScriptBuildPhase section */

/* Begin PBXSourcesBuildPhase section */
		E21FE57F1EFC092C006F6B60 /* Sources */ = {
			isa = PBXSourcesBuildPhase;
			buildActionMask = 2147483647;
			files = (
				E2E410791F141EFD00FF8FA6 /* AuthTestViewController.swift in Sources */,
				E21FE5C41EFC6424006F6B60 /* AncileStudyServerClient.swift in Sources */,
				E21D116C1F140ED400351E7A /* ANCStore.swift in Sources */,
				E22C26221F1829760060502C /* ANCRedirectStep.swift in Sources */,
				E24AAB101F1D9184003C276D /* ANCCoreAuthDelegate.swift in Sources */,
				E21FE5C61EFC652F006F6B60 /* AncileStudyServerClientError.swift in Sources */,
				E24AAB041F1D64E1003C276D /* ANCOpenURLDelegate.swift in Sources */,
				E2E410751F141AF500FF8FA6 /* ANCActivityManager.swift in Sources */,
				E2E793E01F20DC1A00E4A947 /* ANCConsentDocument.swift in Sources */,
				E2E410771F141BAE00FF8FA6 /* ANCActivity.swift in Sources */,
				E22C261E1F1825780060502C /* ANCRedirectStepViewController.swift in Sources */,
				E2E793E21F20E70F00E4A947 /* ANCOhmageAuthDelegate.swift in Sources */,
				E24AAB151F1D9813003C276D /* ANCRedirectStepDescriptor.swift in Sources */,
				E22C26201F1825970060502C /* ANCRedirectStepDelegate.swift in Sources */,
				E21FE5871EFC092C006F6B60 /* AppDelegate.swift in Sources */,
				E2E793E81F213B8700E4A947 /* ANCWeeklySurveyResult+OMHDatapoint.swift in Sources */,
				E24AAB121F1D968D003C276D /* ANCAuthStepGenerator.swift in Sources */,
				E21D116A1F1409F200351E7A /* ANCOnboardingViewController.swift in Sources */,
				E24AAB0C1F1D84FD003C276D /* ANCOpenURLManager.swift in Sources */,
				E2E793E61F213A2500E4A947 /* ANCWeeklySurveyResult.swift in Sources */,
				E24AAB0E1F1D85AE003C276D /* ANCAncileAuthDelegate.swift in Sources */,
			);
			runOnlyForDeploymentPostprocessing = 0;
		};
		E21FE5931EFC092C006F6B60 /* Sources */ = {
			isa = PBXSourcesBuildPhase;
			buildActionMask = 2147483647;
			files = (
				E21FE59C1EFC092C006F6B60 /* AncilePhoneSpecStudyTests.swift in Sources */,
			);
			runOnlyForDeploymentPostprocessing = 0;
		};
		E21FE59E1EFC092C006F6B60 /* Sources */ = {
			isa = PBXSourcesBuildPhase;
			buildActionMask = 2147483647;
			files = (
				E21FE5A71EFC092C006F6B60 /* AncilePhoneSpecStudyUITests.swift in Sources */,
			);
			runOnlyForDeploymentPostprocessing = 0;
		};
/* End PBXSourcesBuildPhase section */

/* Begin PBXTargetDependency section */
		E21FE5991EFC092C006F6B60 /* PBXTargetDependency */ = {
			isa = PBXTargetDependency;
			target = E21FE5821EFC092C006F6B60 /* AncilePhoneSpecStudy */;
			targetProxy = E21FE5981EFC092C006F6B60 /* PBXContainerItemProxy */;
		};
		E21FE5A41EFC092C006F6B60 /* PBXTargetDependency */ = {
			isa = PBXTargetDependency;
			target = E21FE5821EFC092C006F6B60 /* AncilePhoneSpecStudy */;
			targetProxy = E21FE5A31EFC092C006F6B60 /* PBXContainerItemProxy */;
		};
/* End PBXTargetDependency section */

/* Begin PBXVariantGroup section */
		E21FE58A1EFC092C006F6B60 /* Main.storyboard */ = {
			isa = PBXVariantGroup;
			children = (
				E21FE58B1EFC092C006F6B60 /* Base */,
			);
			name = Main.storyboard;
			sourceTree = "<group>";
		};
		E21FE58F1EFC092C006F6B60 /* LaunchScreen.storyboard */ = {
			isa = PBXVariantGroup;
			children = (
				E21FE5901EFC092C006F6B60 /* Base */,
			);
			name = LaunchScreen.storyboard;
			sourceTree = "<group>";
		};
/* End PBXVariantGroup section */

/* Begin XCBuildConfiguration section */
		E21FE5A91EFC092C006F6B60 /* Debug */ = {
			isa = XCBuildConfiguration;
			buildSettings = {
				ALWAYS_SEARCH_USER_PATHS = NO;
				CLANG_ANALYZER_NONNULL = YES;
				CLANG_ANALYZER_NUMBER_OBJECT_CONVERSION = YES_AGGRESSIVE;
				CLANG_CXX_LANGUAGE_STANDARD = "gnu++0x";
				CLANG_CXX_LIBRARY = "libc++";
				CLANG_ENABLE_MODULES = YES;
				CLANG_ENABLE_OBJC_ARC = YES;
				CLANG_WARN_BOOL_CONVERSION = YES;
				CLANG_WARN_CONSTANT_CONVERSION = YES;
				CLANG_WARN_DIRECT_OBJC_ISA_USAGE = YES_ERROR;
				CLANG_WARN_DOCUMENTATION_COMMENTS = YES;
				CLANG_WARN_EMPTY_BODY = YES;
				CLANG_WARN_ENUM_CONVERSION = YES;
				CLANG_WARN_INFINITE_RECURSION = YES;
				CLANG_WARN_INT_CONVERSION = YES;
				CLANG_WARN_OBJC_ROOT_CLASS = YES_ERROR;
				CLANG_WARN_SUSPICIOUS_MOVE = YES;
				CLANG_WARN_UNREACHABLE_CODE = YES;
				CLANG_WARN__DUPLICATE_METHOD_MATCH = YES;
				"CODE_SIGN_IDENTITY[sdk=iphoneos*]" = "iPhone Developer";
				COPY_PHASE_STRIP = NO;
				DEBUG_INFORMATION_FORMAT = dwarf;
				ENABLE_STRICT_OBJC_MSGSEND = YES;
				ENABLE_TESTABILITY = YES;
				GCC_C_LANGUAGE_STANDARD = gnu99;
				GCC_DYNAMIC_NO_PIC = NO;
				GCC_NO_COMMON_BLOCKS = YES;
				GCC_OPTIMIZATION_LEVEL = 0;
				GCC_PREPROCESSOR_DEFINITIONS = (
					"DEBUG=1",
					"$(inherited)",
				);
				GCC_WARN_64_TO_32_BIT_CONVERSION = YES;
				GCC_WARN_ABOUT_RETURN_TYPE = YES_ERROR;
				GCC_WARN_UNDECLARED_SELECTOR = YES;
				GCC_WARN_UNINITIALIZED_AUTOS = YES_AGGRESSIVE;
				GCC_WARN_UNUSED_FUNCTION = YES;
				GCC_WARN_UNUSED_VARIABLE = YES;
				IPHONEOS_DEPLOYMENT_TARGET = 10.3;
				MTL_ENABLE_DEBUG_INFO = YES;
				ONLY_ACTIVE_ARCH = YES;
				SDKROOT = iphoneos;
				SWIFT_ACTIVE_COMPILATION_CONDITIONS = DEBUG;
				SWIFT_OPTIMIZATION_LEVEL = "-Onone";
			};
			name = Debug;
		};
		E21FE5AA1EFC092C006F6B60 /* Release */ = {
			isa = XCBuildConfiguration;
			buildSettings = {
				ALWAYS_SEARCH_USER_PATHS = NO;
				CLANG_ANALYZER_NONNULL = YES;
				CLANG_ANALYZER_NUMBER_OBJECT_CONVERSION = YES_AGGRESSIVE;
				CLANG_CXX_LANGUAGE_STANDARD = "gnu++0x";
				CLANG_CXX_LIBRARY = "libc++";
				CLANG_ENABLE_MODULES = YES;
				CLANG_ENABLE_OBJC_ARC = YES;
				CLANG_WARN_BOOL_CONVERSION = YES;
				CLANG_WARN_CONSTANT_CONVERSION = YES;
				CLANG_WARN_DIRECT_OBJC_ISA_USAGE = YES_ERROR;
				CLANG_WARN_DOCUMENTATION_COMMENTS = YES;
				CLANG_WARN_EMPTY_BODY = YES;
				CLANG_WARN_ENUM_CONVERSION = YES;
				CLANG_WARN_INFINITE_RECURSION = YES;
				CLANG_WARN_INT_CONVERSION = YES;
				CLANG_WARN_OBJC_ROOT_CLASS = YES_ERROR;
				CLANG_WARN_SUSPICIOUS_MOVE = YES;
				CLANG_WARN_UNREACHABLE_CODE = YES;
				CLANG_WARN__DUPLICATE_METHOD_MATCH = YES;
				"CODE_SIGN_IDENTITY[sdk=iphoneos*]" = "iPhone Developer";
				COPY_PHASE_STRIP = NO;
				DEBUG_INFORMATION_FORMAT = "dwarf-with-dsym";
				ENABLE_NS_ASSERTIONS = NO;
				ENABLE_STRICT_OBJC_MSGSEND = YES;
				GCC_C_LANGUAGE_STANDARD = gnu99;
				GCC_NO_COMMON_BLOCKS = YES;
				GCC_WARN_64_TO_32_BIT_CONVERSION = YES;
				GCC_WARN_ABOUT_RETURN_TYPE = YES_ERROR;
				GCC_WARN_UNDECLARED_SELECTOR = YES;
				GCC_WARN_UNINITIALIZED_AUTOS = YES_AGGRESSIVE;
				GCC_WARN_UNUSED_FUNCTION = YES;
				GCC_WARN_UNUSED_VARIABLE = YES;
				IPHONEOS_DEPLOYMENT_TARGET = 10.3;
				MTL_ENABLE_DEBUG_INFO = NO;
				SDKROOT = iphoneos;
				SWIFT_OPTIMIZATION_LEVEL = "-Owholemodule";
				VALIDATE_PRODUCT = YES;
			};
			name = Release;
		};
		E21FE5AC1EFC092C006F6B60 /* Debug */ = {
			isa = XCBuildConfiguration;
			baseConfigurationReference = 770F35B3F56DD7297CCA709C /* Pods-AncilePhoneSpecStudy.debug.xcconfig */;
			buildSettings = {
				ASSETCATALOG_COMPILER_APPICON_NAME = AppIcon;
				DEVELOPMENT_TEAM = AA753846B2;
				INFOPLIST_FILE = AncilePhoneSpecStudy/Info.plist;
				LD_RUNPATH_SEARCH_PATHS = "$(inherited) @executable_path/Frameworks";
				PRODUCT_BUNDLE_IDENTIFIER = io.smalldata.AncilePhoneSpecStudy;
				PRODUCT_NAME = "$(TARGET_NAME)";
				SWIFT_VERSION = 3.0;
			};
			name = Debug;
		};
		E21FE5AD1EFC092C006F6B60 /* Release */ = {
			isa = XCBuildConfiguration;
			baseConfigurationReference = 41AC4D14EDD22B557FBD09F1 /* Pods-AncilePhoneSpecStudy.release.xcconfig */;
			buildSettings = {
				ASSETCATALOG_COMPILER_APPICON_NAME = AppIcon;
				DEVELOPMENT_TEAM = AA753846B2;
				INFOPLIST_FILE = AncilePhoneSpecStudy/Info.plist;
				LD_RUNPATH_SEARCH_PATHS = "$(inherited) @executable_path/Frameworks";
				PRODUCT_BUNDLE_IDENTIFIER = io.smalldata.AncilePhoneSpecStudy;
				PRODUCT_NAME = "$(TARGET_NAME)";
				SWIFT_VERSION = 3.0;
			};
			name = Release;
		};
		E21FE5AF1EFC092C006F6B60 /* Debug */ = {
			isa = XCBuildConfiguration;
			baseConfigurationReference = A5886542AB2E1B4946F8FAAC /* Pods-AncilePhoneSpecStudyTests.debug.xcconfig */;
			buildSettings = {
				ALWAYS_EMBED_SWIFT_STANDARD_LIBRARIES = YES;
				BUNDLE_LOADER = "$(TEST_HOST)";
				DEVELOPMENT_TEAM = AA753846B2;
				INFOPLIST_FILE = AncilePhoneSpecStudyTests/Info.plist;
				LD_RUNPATH_SEARCH_PATHS = "$(inherited) @executable_path/Frameworks @loader_path/Frameworks";
				PRODUCT_BUNDLE_IDENTIFIER = io.smalldata.AncilePhoneSpecStudyTests;
				PRODUCT_NAME = "$(TARGET_NAME)";
				SWIFT_VERSION = 3.0;
				TEST_HOST = "$(BUILT_PRODUCTS_DIR)/AncilePhoneSpecStudy.app/AncilePhoneSpecStudy";
			};
			name = Debug;
		};
		E21FE5B01EFC092C006F6B60 /* Release */ = {
			isa = XCBuildConfiguration;
			baseConfigurationReference = 149273CE174464E91C93E26E /* Pods-AncilePhoneSpecStudyTests.release.xcconfig */;
			buildSettings = {
				ALWAYS_EMBED_SWIFT_STANDARD_LIBRARIES = YES;
				BUNDLE_LOADER = "$(TEST_HOST)";
				DEVELOPMENT_TEAM = AA753846B2;
				INFOPLIST_FILE = AncilePhoneSpecStudyTests/Info.plist;
				LD_RUNPATH_SEARCH_PATHS = "$(inherited) @executable_path/Frameworks @loader_path/Frameworks";
				PRODUCT_BUNDLE_IDENTIFIER = io.smalldata.AncilePhoneSpecStudyTests;
				PRODUCT_NAME = "$(TARGET_NAME)";
				SWIFT_VERSION = 3.0;
				TEST_HOST = "$(BUILT_PRODUCTS_DIR)/AncilePhoneSpecStudy.app/AncilePhoneSpecStudy";
			};
			name = Release;
		};
		E21FE5B21EFC092C006F6B60 /* Debug */ = {
			isa = XCBuildConfiguration;
			baseConfigurationReference = 42B15E87BDF566A58FA0316D /* Pods-AncilePhoneSpecStudyUITests.debug.xcconfig */;
			buildSettings = {
				ALWAYS_EMBED_SWIFT_STANDARD_LIBRARIES = YES;
				DEVELOPMENT_TEAM = AA753846B2;
				INFOPLIST_FILE = AncilePhoneSpecStudyUITests/Info.plist;
				LD_RUNPATH_SEARCH_PATHS = "$(inherited) @executable_path/Frameworks @loader_path/Frameworks";
				PRODUCT_BUNDLE_IDENTIFIER = io.smalldata.AncilePhoneSpecStudyUITests;
				PRODUCT_NAME = "$(TARGET_NAME)";
				SWIFT_VERSION = 3.0;
				TEST_TARGET_NAME = AncilePhoneSpecStudy;
			};
			name = Debug;
		};
		E21FE5B31EFC092C006F6B60 /* Release */ = {
			isa = XCBuildConfiguration;
			baseConfigurationReference = 400DD93F8D82B594BB6E9517 /* Pods-AncilePhoneSpecStudyUITests.release.xcconfig */;
			buildSettings = {
				ALWAYS_EMBED_SWIFT_STANDARD_LIBRARIES = YES;
				DEVELOPMENT_TEAM = AA753846B2;
				INFOPLIST_FILE = AncilePhoneSpecStudyUITests/Info.plist;
				LD_RUNPATH_SEARCH_PATHS = "$(inherited) @executable_path/Frameworks @loader_path/Frameworks";
				PRODUCT_BUNDLE_IDENTIFIER = io.smalldata.AncilePhoneSpecStudyUITests;
				PRODUCT_NAME = "$(TARGET_NAME)";
				SWIFT_VERSION = 3.0;
				TEST_TARGET_NAME = AncilePhoneSpecStudy;
			};
			name = Release;
		};
/* End XCBuildConfiguration section */

/* Begin XCConfigurationList section */
		E21FE57E1EFC092C006F6B60 /* Build configuration list for PBXProject "AncilePhoneSpecStudy" */ = {
			isa = XCConfigurationList;
			buildConfigurations = (
				E21FE5A91EFC092C006F6B60 /* Debug */,
				E21FE5AA1EFC092C006F6B60 /* Release */,
			);
			defaultConfigurationIsVisible = 0;
			defaultConfigurationName = Release;
		};
		E21FE5AB1EFC092C006F6B60 /* Build configuration list for PBXNativeTarget "AncilePhoneSpecStudy" */ = {
			isa = XCConfigurationList;
			buildConfigurations = (
				E21FE5AC1EFC092C006F6B60 /* Debug */,
				E21FE5AD1EFC092C006F6B60 /* Release */,
			);
			defaultConfigurationIsVisible = 0;
			defaultConfigurationName = Release;
		};
		E21FE5AE1EFC092C006F6B60 /* Build configuration list for PBXNativeTarget "AncilePhoneSpecStudyTests" */ = {
			isa = XCConfigurationList;
			buildConfigurations = (
				E21FE5AF1EFC092C006F6B60 /* Debug */,
				E21FE5B01EFC092C006F6B60 /* Release */,
			);
			defaultConfigurationIsVisible = 0;
			defaultConfigurationName = Release;
		};
		E21FE5B11EFC092C006F6B60 /* Build configuration list for PBXNativeTarget "AncilePhoneSpecStudyUITests" */ = {
			isa = XCConfigurationList;
			buildConfigurations = (
				E21FE5B21EFC092C006F6B60 /* Debug */,
				E21FE5B31EFC092C006F6B60 /* Release */,
			);
			defaultConfigurationIsVisible = 0;
			defaultConfigurationName = Release;
		};
/* End XCConfigurationList section */
	};
	rootObject = E21FE57B1EFC092C006F6B60 /* Project object */;
}
